
Microsoft Visual Studio Solution File, Format Version 12.00
# Visual Studio Version 16
VisualStudioVersion = 16.0.30711.63
MinimumVisualStudioVersion = 10.0.40219.1
Project("{9A19103F-16F7-4668-BE54-9A1E7A4F7556}") = "ProftaakDemo", "ProftaakDemo.csproj", "{D7C58E8B-8064-48AA-BF83-F2A9C99DDCC9}"
EndProject
Project("{9A19103F-16F7-4668-BE54-9A1E7A4F7556}") = "Interface", "..\Projects\Interface\Interface.csproj", "{FB9BD8CF-6D49-4B52-943E-39905EB7775F}"
EndProject
Project("{9A19103F-16F7-4668-BE54-9A1E7A4F7556}") = "Storage", "..\Projects\Storage\Storage.csproj", "{41104E31-3995-461A-83FF-6F337A733D2D}"
EndProject
Global
	GlobalSection(SolutionConfigurationPlatforms) = preSolution
		Debug|Any CPU = Debug|Any CPU
		Release|Any CPU = Release|Any CPU
	EndGlobalSection
	GlobalSection(ProjectConfigurationPlatforms) = postSolution
		{D7C58E8B-8064-48AA-BF83-F2A9C99DDCC9}.Debug|Any CPU.ActiveCfg = Debug|Any CPU
		{D7C58E8B-8064-48AA-BF83-F2A9C99DDCC9}.Debug|Any CPU.Build.0 = Debug|Any CPU
		{D7C58E8B-8064-48AA-BF83-F2A9C99DDCC9}.Release|Any CPU.ActiveCfg = Release|Any CPU
		{D7C58E8B-8064-48AA-BF83-F2A9C99DDCC9}.Release|Any CPU.Build.0 = Release|Any CPU
		{FB9BD8CF-6D49-4B52-943E-39905EB7775F}.Debug|Any CPU.ActiveCfg = Debug|Any CPU
		{FB9BD8CF-6D49-4B52-943E-39905EB7775F}.Debug|Any CPU.Build.0 = Debug|Any CPU
		{FB9BD8CF-6D49-4B52-943E-39905EB7775F}.Release|Any CPU.ActiveCfg = Release|Any CPU
		{FB9BD8CF-6D49-4B52-943E-39905EB7775F}.Release|Any CPU.Build.0 = Release|Any CPU
		{41104E31-3995-461A-83FF-6F337A733D2D}.Debug|Any CPU.ActiveCfg = Debug|Any CPU
		{41104E31-3995-461A-83FF-6F337A733D2D}.Debug|Any CPU.Build.0 = Debug|Any CPU
		{41104E31-3995-461A-83FF-6F337A733D2D}.Release|Any CPU.ActiveCfg = Release|Any CPU
		{41104E31-3995-461A-83FF-6F337A733D2D}.Release|Any CPU.Build.0 = Release|Any CPU
	EndGlobalSection
	GlobalSection(SolutionProperties) = preSolution
		HideSolutionNode = FALSE
	EndGlobalSection
	GlobalSection(ExtensibilityGlobals) = postSolution
		SolutionGuid = {9B619530-3ABB-4061-BFBB-60613B367996}
	EndGlobalSection
EndGlobal
