
Microsoft Visual Studio Solution File, Format Version 12.00
# Visual Studio Version 16
VisualStudioVersion = 16.0.30711.63
MinimumVisualStudioVersion = 10.0.40219.1
Project("{9A19103F-16F7-4668-BE54-9A1E7A4F7556}") = "ProftaakDemo", "ProftaakDemo.csproj", "{D7C58E8B-8064-48AA-BF83-F2A9C99DDCC9}"
EndProject
Project("{9A19103F-16F7-4668-BE54-9A1E7A4F7556}") = "Interface", "..\Projects\Interface\Interface.csproj", "{7409034F-70EE-45F0-9487-F7C34B115518}"
EndProject
Project("{9A19103F-16F7-4668-BE54-9A1E7A4F7556}") = "Storage", "..\Projects\Storage\Storage.csproj", "{21955D2F-00C0-4976-97D9-B6AF0A1CA592}"
EndProject
Project("{FAE04EC0-301F-11D3-BF4B-00C04F79EFBC}") = "ClassLibrary1", "ClassLibrary1\ClassLibrary1.csproj", "{E5DE4C81-EFA5-4A1F-8BD1-DF5C4E63B480}"
EndProject
Global
	GlobalSection(SolutionConfigurationPlatforms) = preSolution
		Debug|Any CPU = Debug|Any CPU
		Release|Any CPU = Release|Any CPU
	EndGlobalSection
	GlobalSection(ProjectConfigurationPlatforms) = postSolution
		{D7C58E8B-8064-48AA-BF83-F2A9C99DDCC9}.Debug|Any CPU.ActiveCfg = Debug|Any CPU
		{D7C58E8B-8064-48AA-BF83-F2A9C99DDCC9}.Debug|Any CPU.Build.0 = Debug|Any CPU
		{D7C58E8B-8064-48AA-BF83-F2A9C99DDCC9}.Release|Any CPU.ActiveCfg = Release|Any CPU
		{D7C58E8B-8064-48AA-BF83-F2A9C99DDCC9}.Release|Any CPU.Build.0 = Release|Any CPU
		{7409034F-70EE-45F0-9487-F7C34B115518}.Debug|Any CPU.ActiveCfg = Debug|Any CPU
		{7409034F-70EE-45F0-9487-F7C34B115518}.Debug|Any CPU.Build.0 = Debug|Any CPU
		{7409034F-70EE-45F0-9487-F7C34B115518}.Release|Any CPU.ActiveCfg = Release|Any CPU
		{7409034F-70EE-45F0-9487-F7C34B115518}.Release|Any CPU.Build.0 = Release|Any CPU
		{21955D2F-00C0-4976-97D9-B6AF0A1CA592}.Debug|Any CPU.ActiveCfg = Debug|Any CPU
		{21955D2F-00C0-4976-97D9-B6AF0A1CA592}.Debug|Any CPU.Build.0 = Debug|Any CPU
		{21955D2F-00C0-4976-97D9-B6AF0A1CA592}.Release|Any CPU.ActiveCfg = Release|Any CPU
		{21955D2F-00C0-4976-97D9-B6AF0A1CA592}.Release|Any CPU.Build.0 = Release|Any CPU
		{E5DE4C81-EFA5-4A1F-8BD1-DF5C4E63B480}.Debug|Any CPU.ActiveCfg = Debug|Any CPU
		{E5DE4C81-EFA5-4A1F-8BD1-DF5C4E63B480}.Debug|Any CPU.Build.0 = Debug|Any CPU
		{E5DE4C81-EFA5-4A1F-8BD1-DF5C4E63B480}.Release|Any CPU.ActiveCfg = Release|Any CPU
		{E5DE4C81-EFA5-4A1F-8BD1-DF5C4E63B480}.Release|Any CPU.Build.0 = Release|Any CPU
	EndGlobalSection
	GlobalSection(SolutionProperties) = preSolution
		HideSolutionNode = FALSE
	EndGlobalSection
	GlobalSection(ExtensibilityGlobals) = postSolution
		SolutionGuid = {9B619530-3ABB-4061-BFBB-60613B367996}
	EndGlobalSection
EndGlobal
